
Microsoft Visual Studio Solution File, Format Version 12.00
# Visual Studio Version 17
VisualStudioVersion = 17.8.34525.116
MinimumVisualStudioVersion = 10.0.40219.1
Project("{FAE04EC0-301F-11D3-BF4B-00C04F79EFBC}") = "DemoGuid", "DemoGuid\DemoGuid.csproj", "{0B0CA5B4-79AA-44B4-B463-DDA3741F3376}"
EndProject
Project("{FAE04EC0-301F-11D3-BF4B-00C04F79EFBC}") = "ViewModelDemo", "ViewModelDemo\ViewModelDemo.csproj", "{358E2C19-83EE-41FE-8718-9B20DE3E5F37}"
EndProject
Global
	GlobalSection(SolutionConfigurationPlatforms) = preSolution
		Debug|Any CPU = Debug|Any CPU
		Release|Any CPU = Release|Any CPU
	EndGlobalSection
	GlobalSection(ProjectConfigurationPlatforms) = postSolution
		{0B0CA5B4-79AA-44B4-B463-DDA3741F3376}.Debug|Any CPU.ActiveCfg = Debug|Any CPU
		{0B0CA5B4-79AA-44B4-B463-DDA3741F3376}.Debug|Any CPU.Build.0 = Debug|Any CPU
		{0B0CA5B4-79AA-44B4-B463-DDA3741F3376}.Release|Any CPU.ActiveCfg = Release|Any CPU
		{0B0CA5B4-79AA-44B4-B463-DDA3741F3376}.Release|Any CPU.Build.0 = Release|Any CPU
		{358E2C19-83EE-41FE-8718-9B20DE3E5F37}.Debug|Any CPU.ActiveCfg = Debug|Any CPU
		{358E2C19-83EE-41FE-8718-9B20DE3E5F37}.Debug|Any CPU.Build.0 = Debug|Any CPU
		{358E2C19-83EE-41FE-8718-9B20DE3E5F37}.Release|Any CPU.ActiveCfg = Release|Any CPU
		{358E2C19-83EE-41FE-8718-9B20DE3E5F37}.Release|Any CPU.Build.0 = Release|Any CPU
	EndGlobalSection
	GlobalSection(SolutionProperties) = preSolution
		HideSolutionNode = FALSE
	EndGlobalSection
	GlobalSection(ExtensibilityGlobals) = postSolution
		SolutionGuid = {162E722F-9A24-42C3-9FFC-E3E02F64973D}
	EndGlobalSection
EndGlobal
